
Microsoft Visual Studio Solution File, Format Version 12.00
# Visual Studio Version 16
VisualStudioVersion = 16.0.29709.97
MinimumVisualStudioVersion = 10.0.40219.1
Project("{FAE04EC0-301F-11D3-BF4B-00C04F79EFBC}") = "AccountAuth", "AccountAuth\AccountAuth.csproj", "{49A631A5-02C7-42A8-A74E-AF1CAF1A3E39}"
EndProject
Global
	GlobalSection(SolutionConfigurationPlatforms) = preSolution
		Debug|Any CPU = Debug|Any CPU
		Release|Any CPU = Release|Any CPU
	EndGlobalSection
	GlobalSection(ProjectConfigurationPlatforms) = postSolution
		{49A631A5-02C7-42A8-A74E-AF1CAF1A3E39}.Debug|Any CPU.ActiveCfg = Debug|Any CPU
		{49A631A5-02C7-42A8-A74E-AF1CAF1A3E39}.Debug|Any CPU.Build.0 = Debug|Any CPU
		{49A631A5-02C7-42A8-A74E-AF1CAF1A3E39}.Release|Any CPU.ActiveCfg = Release|Any CPU
		{49A631A5-02C7-42A8-A74E-AF1CAF1A3E39}.Release|Any CPU.Build.0 = Release|Any CPU
	EndGlobalSection
	GlobalSection(SolutionProperties) = preSolution
		HideSolutionNode = FALSE
	EndGlobalSection
	GlobalSection(ExtensibilityGlobals) = postSolution
		SolutionGuid = {74B161D4-DFDA-45BF-AD4E-857C64692621}
	EndGlobalSection
EndGlobal
